// !$*UTF8*$!
{
	archiveVersion = 1;
	classes = {
	};
	objectVersion = 48;
	objects = {

/* Begin PBXBuildFile section */
		86B3231B1FB6123E003DF4AA /* Assets.xcassets in Resources */ = {isa = PBXBuildFile; fileRef = 86B3231A1FB6123E003DF4AA /* Assets.xcassets */; };
		86B323221FB6123E003DF4AA /* Test MessagesExtension.appex in Embed App Extensions */ = {isa = PBXBuildFile; fileRef = 86B323211FB6123E003DF4AA /* Test MessagesExtension.appex */; settings = {ATTRIBUTES = (RemoveHeadersOnCopy, ); }; };
		86B323271FB6123E003DF4AA /* Messages.framework in Frameworks */ = {isa = PBXBuildFile; fileRef = 86B323261FB6123E003DF4AA /* Messages.framework */; };
		86B3232A1FB6123E003DF4AA /* MessagesViewController.swift in Sources */ = {isa = PBXBuildFile; fileRef = 86B323291FB6123E003DF4AA /* MessagesViewController.swift */; };
		86B3232D1FB6123E003DF4AA /* MainInterface.storyboard in Resources */ = {isa = PBXBuildFile; fileRef = 86B3232B1FB6123E003DF4AA /* MainInterface.storyboard */; };
		86B3232F1FB6123E003DF4AA /* Assets.xcassets in Resources */ = {isa = PBXBuildFile; fileRef = 86B3232E1FB6123E003DF4AA /* Assets.xcassets */; };
/* End PBXBuildFile section */

/* Begin PBXContainerItemProxy section */
		86B323231FB6123E003DF4AA /* PBXContainerItemProxy */ = {
			isa = PBXContainerItemProxy;
			containerPortal = 86B323111FB6123E003DF4AA /* Project object */;
			proxyType = 1;
			remoteGlobalIDString = 86B323201FB6123E003DF4AA;
			remoteInfo = "Test MessagesExtension";
		};
/* End PBXContainerItemProxy section */

/* Begin PBXCopyFilesBuildPhase section */
		86B323361FB6123E003DF4AA /* Embed App Extensions */ = {
			isa = PBXCopyFilesBuildPhase;
			buildActionMask = 2147483647;
			dstPath = "";
			dstSubfolderSpec = 13;
			files = (
				86B323221FB6123E003DF4AA /* Test MessagesExtension.appex in Embed App Extensions */,
			);
			name = "Embed App Extensions";
			runOnlyForDeploymentPostprocessing = 0;
		};
/* End PBXCopyFilesBuildPhase section */

/* Begin PBXFileReference section */
		86B323171FB6123E003DF4AA /* Test.app */ = {isa = PBXFileReference; explicitFileType = wrapper.application; includeInIndex = 0; path = Test.app; sourceTree = BUILT_PRODUCTS_DIR; };
		86B3231A1FB6123E003DF4AA /* Assets.xcassets */ = {isa = PBXFileReference; lastKnownFileType = folder.assetcatalog; path = Assets.xcassets; sourceTree = "<group>"; };
		86B3231C1FB6123E003DF4AA /* Info.plist */ = {isa = PBXFileReference; lastKnownFileType = text.plist.xml; path = Info.plist; sourceTree = "<group>"; };
		86B323211FB6123E003DF4AA /* Test MessagesExtension.appex */ = {isa = PBXFileReference; explicitFileType = "wrapper.app-extension"; includeInIndex = 0; path = "Test MessagesExtension.appex"; sourceTree = BUILT_PRODUCTS_DIR; };
		86B323261FB6123E003DF4AA /* Messages.framework */ = {isa = PBXFileReference; lastKnownFileType = wrapper.framework; name = Messages.framework; path = System/Library/Frameworks/Messages.framework; sourceTree = SDKROOT; };
		86B323291FB6123E003DF4AA /* MessagesViewController.swift */ = {isa = PBXFileReference; lastKnownFileType = sourcecode.swift; path = MessagesViewController.swift; sourceTree = "<group>"; };
		86B3232C1FB6123E003DF4AA /* Base */ = {isa = PBXFileReference; lastKnownFileType = file.storyboard; name = Base; path = Base.lproj/MainInterface.storyboard; sourceTree = "<group>"; };
		86B3232E1FB6123E003DF4AA /* Assets.xcassets */ = {isa = PBXFileReference; lastKnownFileType = folder.assetcatalog; path = Assets.xcassets; sourceTree = "<group>"; };
		86B323301FB6123E003DF4AA /* Info.plist */ = {isa = PBXFileReference; lastKnownFileType = text.plist.xml; path = Info.plist; sourceTree = "<group>"; };
/* End PBXFileReference section */

/* Begin PBXFrameworksBuildPhase section */
		86B3231E1FB6123E003DF4AA /* Frameworks */ = {
			isa = PBXFrameworksBuildPhase;
			buildActionMask = 2147483647;
			files = (
				86B323271FB6123E003DF4AA /* Messages.framework in Frameworks */,
			);
			runOnlyForDeploymentPostprocessing = 0;
		};
/* End PBXFrameworksBuildPhase section */

/* Begin PBXGroup section */
		86B323101FB6123E003DF4AA = {
			isa = PBXGroup;
			children = (
				86B323191FB6123E003DF4AA /* Test */,
				86B323281FB6123E003DF4AA /* Test MessagesExtension */,
				86B323251FB6123E003DF4AA /* Frameworks */,
				86B323181FB6123E003DF4AA /* Products */,
			);
			sourceTree = "<group>";
		};
		86B323181FB6123E003DF4AA /* Products */ = {
			isa = PBXGroup;
			children = (
				86B323171FB6123E003DF4AA /* Test.app */,
				86B323211FB6123E003DF4AA /* Test MessagesExtension.appex */,
			);
			name = Products;
			sourceTree = "<group>";
		};
		86B323191FB6123E003DF4AA /* Test */ = {
			isa = PBXGroup;
			children = (
				86B3231A1FB6123E003DF4AA /* Assets.xcassets */,
				86B3231C1FB6123E003DF4AA /* Info.plist */,
			);
			path = Test;
			sourceTree = "<group>";
		};
		86B323251FB6123E003DF4AA /* Frameworks */ = {
			isa = PBXGroup;
			children = (
				86B323261FB6123E003DF4AA /* Messages.framework */,
			);
			name = Frameworks;
			sourceTree = "<group>";
		};
		86B323281FB6123E003DF4AA /* Test MessagesExtension */ = {
			isa = PBXGroup;
			children = (
				86B323291FB6123E003DF4AA /* MessagesViewController.swift */,
				86B3232B1FB6123E003DF4AA /* MainInterface.storyboard */,
				86B3232E1FB6123E003DF4AA /* Assets.xcassets */,
				86B323301FB6123E003DF4AA /* Info.plist */,
			);
			path = "Test MessagesExtension";
			sourceTree = "<group>";
		};
/* End PBXGroup section */

/* Begin PBXNativeTarget section */
		86B323161FB6123E003DF4AA /* Test */ = {
			isa = PBXNativeTarget;
			buildConfigurationList = 86B323371FB6123E003DF4AA /* Build configuration list for PBXNativeTarget "Test" */;
			buildPhases = (
				86B323151FB6123E003DF4AA /* Resources */,
				86B323361FB6123E003DF4AA /* Embed App Extensions */,
			);
			buildRules = (
			);
			dependencies = (
				86B323241FB6123E003DF4AA /* PBXTargetDependency */,
			);
			name = Test;
			productName = Test;
			productReference = 86B323171FB6123E003DF4AA /* Test.app */;
			productType = "com.apple.product-type.application.messages";
		};
		86B323201FB6123E003DF4AA /* Test MessagesExtension */ = {
			isa = PBXNativeTarget;
			buildConfigurationList = 86B323331FB6123E003DF4AA /* Build configuration list for PBXNativeTarget "Test MessagesExtension" */;
			buildPhases = (
				86B3231D1FB6123E003DF4AA /* Sources */,
				86B3231E1FB6123E003DF4AA /* Frameworks */,
				86B3231F1FB6123E003DF4AA /* Resources */,
			);
			buildRules = (
			);
			dependencies = (
			);
			name = "Test MessagesExtension";
			productName = "Test MessagesExtension";
			productReference = 86B323211FB6123E003DF4AA /* Test MessagesExtension.appex */;
			productType = "com.apple.product-type.app-extension.messages";
		};
/* End PBXNativeTarget section */

/* Begin PBXProject section */
		86B323111FB6123E003DF4AA /* Project object */ = {
			isa = PBXProject;
			attributes = {
				LastSwiftUpdateCheck = 0910;
				LastUpgradeCheck = 0910;
				ORGANIZATIONNAME = "Vicky Zheng";
				TargetAttributes = {
					86B323161FB6123E003DF4AA = {
						CreatedOnToolsVersion = 9.1;
						ProvisioningStyle = Automatic;
					};
					86B323201FB6123E003DF4AA = {
						CreatedOnToolsVersion = 9.1;
						ProvisioningStyle = Automatic;
					};
				};
			};
			buildConfigurationList = 86B323141FB6123E003DF4AA /* Build configuration list for PBXProject "Test" */;
			compatibilityVersion = "Xcode 8.0";
			developmentRegion = en;
			hasScannedForEncodings = 0;
			knownRegions = (
				en,
				Base,
			);
			mainGroup = 86B323101FB6123E003DF4AA;
			productRefGroup = 86B323181FB6123E003DF4AA /* Products */;
			projectDirPath = "";
			projectRoot = "";
			targets = (
				86B323161FB6123E003DF4AA /* Test */,
				86B323201FB6123E003DF4AA /* Test MessagesExtension */,
			);
		};
/* End PBXProject section */

/* Begin PBXResourcesBuildPhase section */
		86B323151FB6123E003DF4AA /* Resources */ = {
			isa = PBXResourcesBuildPhase;
			buildActionMask = 2147483647;
			files = (
				86B3231B1FB6123E003DF4AA /* Assets.xcassets in Resources */,
			);
			runOnlyForDeploymentPostprocessing = 0;
		};
		86B3231F1FB6123E003DF4AA /* Resources */ = {
			isa = PBXResourcesBuildPhase;
			buildActionMask = 2147483647;
			files = (
				86B3232F1FB6123E003DF4AA /* Assets.xcassets in Resources */,
				86B3232D1FB6123E003DF4AA /* MainInterface.storyboard in Resources */,
			);
			runOnlyForDeploymentPostprocessing = 0;
		};
/* End PBXResourcesBuildPhase section */

/* Begin PBXSourcesBuildPhase section */
		86B3231D1FB6123E003DF4AA /* Sources */ = {
			isa = PBXSourcesBuildPhase;
			buildActionMask = 2147483647;
			files = (
				86B3232A1FB6123E003DF4AA /* MessagesViewController.swift in Sources */,
			);
			runOnlyForDeploymentPostprocessing = 0;
		};
/* End PBXSourcesBuildPhase section */

/* Begin PBXTargetDependency section */
		86B323241FB6123E003DF4AA /* PBXTargetDependency */ = {
			isa = PBXTargetDependency;
			target = 86B323201FB6123E003DF4AA /* Test MessagesExtension */;
			targetProxy = 86B323231FB6123E003DF4AA /* PBXContainerItemProxy */;
		};
/* End PBXTargetDependency section */

/* Begin PBXVariantGroup section */
		86B3232B1FB6123E003DF4AA /* MainInterface.storyboard */ = {
			isa = PBXVariantGroup;
			children = (
				86B3232C1FB6123E003DF4AA /* Base */,
			);
			name = MainInterface.storyboard;
			sourceTree = "<group>";
		};
/* End PBXVariantGroup section */

/* Begin XCBuildConfiguration section */
		86B323311FB6123E003DF4AA /* Debug */ = {
			isa = XCBuildConfiguration;
			buildSettings = {
				ALWAYS_SEARCH_USER_PATHS = NO;
				CLANG_ANALYZER_NONNULL = YES;
				CLANG_ANALYZER_NUMBER_OBJECT_CONVERSION = YES_AGGRESSIVE;
				CLANG_CXX_LANGUAGE_STANDARD = "gnu++14";
				CLANG_CXX_LIBRARY = "libc++";
				CLANG_ENABLE_MODULES = YES;
				CLANG_ENABLE_OBJC_ARC = YES;
				CLANG_WARN_BLOCK_CAPTURE_AUTORELEASING = YES;
				CLANG_WARN_BOOL_CONVERSION = YES;
				CLANG_WARN_COMMA = YES;
				CLANG_WARN_CONSTANT_CONVERSION = YES;
				CLANG_WARN_DIRECT_OBJC_ISA_USAGE = YES_ERROR;
				CLANG_WARN_DOCUMENTATION_COMMENTS = YES;
				CLANG_WARN_EMPTY_BODY = YES;
				CLANG_WARN_ENUM_CONVERSION = YES;
				CLANG_WARN_INFINITE_RECURSION = YES;
				CLANG_WARN_INT_CONVERSION = YES;
				CLANG_WARN_NON_LITERAL_NULL_CONVERSION = YES;
				CLANG_WARN_OBJC_LITERAL_CONVERSION = YES;
				CLANG_WARN_OBJC_ROOT_CLASS = YES_ERROR;
				CLANG_WARN_RANGE_LOOP_ANALYSIS = YES;
				CLANG_WARN_STRICT_PROTOTYPES = YES;
				CLANG_WARN_SUSPICIOUS_MOVE = YES;
				CLANG_WARN_UNGUARDED_AVAILABILITY = YES_AGGRESSIVE;
				CLANG_WARN_UNREACHABLE_CODE = YES;
				CLANG_WARN__DUPLICATE_METHOD_MATCH = YES;
				CODE_SIGN_IDENTITY = "iPhone Developer";
				COPY_PHASE_STRIP = NO;
				DEBUG_INFORMATION_FORMAT = dwarf;
				ENABLE_STRICT_OBJC_MSGSEND = YES;
				ENABLE_TESTABILITY = YES;
				GCC_C_LANGUAGE_STANDARD = gnu11;
				GCC_DYNAMIC_NO_PIC = NO;
				GCC_NO_COMMON_BLOCKS = YES;
				GCC_OPTIMIZATION_LEVEL = 0;
				GCC_PREPROCESSOR_DEFINITIONS = (
					"DEBUG=1",
					"$(inherited)",
				);
				GCC_WARN_64_TO_32_BIT_CONVERSION = YES;
				GCC_WARN_ABOUT_RETURN_TYPE = YES_ERROR;
				GCC_WARN_UNDECLARED_SELECTOR = YES;
				GCC_WARN_UNINITIALIZED_AUTOS = YES_AGGRESSIVE;
				GCC_WARN_UNUSED_FUNCTION = YES;
				GCC_WARN_UNUSED_VARIABLE = YES;
				IPHONEOS_DEPLOYMENT_TARGET = 11.1;
				MTL_ENABLE_DEBUG_INFO = YES;
				ONLY_ACTIVE_ARCH = YES;
				SDKROOT = iphoneos;
				SWIFT_ACTIVE_COMPILATION_CONDITIONS = DEBUG;
				SWIFT_OPTIMIZATION_LEVEL = "-Onone";
			};
			name = Debug;
		};
		86B323321FB6123E003DF4AA /* Release */ = {
			isa = XCBuildConfiguration;
			buildSettings = {
				ALWAYS_SEARCH_USER_PATHS = NO;
				CLANG_ANALYZER_NONNULL = YES;
				CLANG_ANALYZER_NUMBER_OBJECT_CONVERSION = YES_AGGRESSIVE;
				CLANG_CXX_LANGUAGE_STANDARD = "gnu++14";
				CLANG_CXX_LIBRARY = "libc++";
				CLANG_ENABLE_MODULES = YES;
				CLANG_ENABLE_OBJC_ARC = YES;
				CLANG_WARN_BLOCK_CAPTURE_AUTORELEASING = YES;
				CLANG_WARN_BOOL_CONVERSION = YES;
				CLANG_WARN_COMMA = YES;
				CLANG_WARN_CONSTANT_CONVERSION = YES;
				CLANG_WARN_DIRECT_OBJC_ISA_USAGE = YES_ERROR;
				CLANG_WARN_DOCUMENTATION_COMMENTS = YES;
				CLANG_WARN_EMPTY_BODY = YES;
				CLANG_WARN_ENUM_CONVERSION = YES;
				CLANG_WARN_INFINITE_RECURSION = YES;
				CLANG_WARN_INT_CONVERSION = YES;
				CLANG_WARN_NON_LITERAL_NULL_CONVERSION = YES;
				CLANG_WARN_OBJC_LITERAL_CONVERSION = YES;
				CLANG_WARN_OBJC_ROOT_CLASS = YES_ERROR;
				CLANG_WARN_RANGE_LOOP_ANALYSIS = YES;
				CLANG_WARN_STRICT_PROTOTYPES = YES;
				CLANG_WARN_SUSPICIOUS_MOVE = YES;
				CLANG_WARN_UNGUARDED_AVAILABILITY = YES_AGGRESSIVE;
				CLANG_WARN_UNREACHABLE_CODE = YES;
				CLANG_WARN__DUPLICATE_METHOD_MATCH = YES;
				CODE_SIGN_IDENTITY = "iPhone Developer";
				COPY_PHASE_STRIP = NO;
				DEBUG_INFORMATION_FORMAT = "dwarf-with-dsym";
				ENABLE_NS_ASSERTIONS = NO;
				ENABLE_STRICT_OBJC_MSGSEND = YES;
				GCC_C_LANGUAGE_STANDARD = gnu11;
				GCC_NO_COMMON_BLOCKS = YES;
				GCC_WARN_64_TO_32_BIT_CONVERSION = YES;
				GCC_WARN_ABOUT_RETURN_TYPE = YES_ERROR;
				GCC_WARN_UNDECLARED_SELECTOR = YES;
				GCC_WARN_UNINITIALIZED_AUTOS = YES_AGGRESSIVE;
				GCC_WARN_UNUSED_FUNCTION = YES;
				GCC_WARN_UNUSED_VARIABLE = YES;
				IPHONEOS_DEPLOYMENT_TARGET = 11.1;
				MTL_ENABLE_DEBUG_INFO = NO;
				SDKROOT = iphoneos;
				SWIFT_OPTIMIZATION_LEVEL = "-Owholemodule";
				VALIDATE_PRODUCT = YES;
			};
			name = Release;
		};
		86B323341FB6123E003DF4AA /* Debug */ = {
			isa = XCBuildConfiguration;
			buildSettings = {
				ASSETCATALOG_COMPILER_APPICON_NAME = "iMessage App Icon";
				CODE_SIGN_STYLE = Automatic;
				INFOPLIST_FILE = "Test MessagesExtension/Info.plist";
				LD_RUNPATH_SEARCH_PATHS = "$(inherited) @executable_path/Frameworks @executable_path/../../Frameworks";
				PRODUCT_BUNDLE_IDENTIFIER = Vicky.Test.MessagesExtension;
				PRODUCT_NAME = "$(TARGET_NAME)";
				SKIP_INSTALL = YES;
				SWIFT_VERSION = 4.0;
				TARGETED_DEVICE_FAMILY = "1,2";
			};
			name = Debug;
		};
		86B323351FB6123E003DF4AA /* Release */ = {
			isa = XCBuildConfiguration;
			buildSettings = {
				ASSETCATALOG_COMPILER_APPICON_NAME = "iMessage App Icon";
				CODE_SIGN_STYLE = Automatic;
				INFOPLIST_FILE = "Test MessagesExtension/Info.plist";
				LD_RUNPATH_SEARCH_PATHS = "$(inherited) @executable_path/Frameworks @executable_path/../../Frameworks";
				PRODUCT_BUNDLE_IDENTIFIER = Vicky.Test.MessagesExtension;
				PRODUCT_NAME = "$(TARGET_NAME)";
				SKIP_INSTALL = YES;
				SWIFT_VERSION = 4.0;
				TARGETED_DEVICE_FAMILY = "1,2";
			};
			name = Release;
		};
		86B323381FB6123E003DF4AA /* Debug */ = {
			isa = XCBuildConfiguration;
			buildSettings = {
				ALWAYS_EMBED_SWIFT_STANDARD_LIBRARIES = YES;
				ASSETCATALOG_COMPILER_APPICON_NAME = AppIcon;
				CODE_SIGN_STYLE = Automatic;
				INFOPLIST_FILE = Test/Info.plist;
				PRODUCT_BUNDLE_IDENTIFIER = Vicky.Test;
				PRODUCT_NAME = "$(TARGET_NAME)";
				SWIFT_VERSION = 4.0;
				TARGETED_DEVICE_FAMILY = "1,2";
			};
			name = Debug;
		};
		86B323391FB6123E003DF4AA /* Release */ = {
			isa = XCBuildConfiguration;
			buildSettings = {
				ALWAYS_EMBED_SWIFT_STANDARD_LIBRARIES = YES;
				ASSETCATALOG_COMPILER_APPICON_NAME = AppIcon;
				CODE_SIGN_STYLE = Automatic;
				INFOPLIST_FILE = Test/Info.plist;
				PRODUCT_BUNDLE_IDENTIFIER = Vicky.Test;
				PRODUCT_NAME = "$(TARGET_NAME)";
				SWIFT_VERSION = 4.0;
				TARGETED_DEVICE_FAMILY = "1,2";
			};
			name = Release;
		};
/* End XCBuildConfiguration section */

/* Begin XCConfigurationList section */
		86B323141FB6123E003DF4AA /* Build configuration list for PBXProject "Test" */ = {
			isa = XCConfigurationList;
			buildConfigurations = (
				86B323311FB6123E003DF4AA /* Debug */,
				86B323321FB6123E003DF4AA /* Release */,
			);
			defaultConfigurationIsVisible = 0;
			defaultConfigurationName = Release;
		};
		86B323331FB6123E003DF4AA /* Build configuration list for PBXNativeTarget "Test MessagesExtension" */ = {
			isa = XCConfigurationList;
			buildConfigurations = (
				86B323341FB6123E003DF4AA /* Debug */,
				86B323351FB6123E003DF4AA /* Release */,
			);
			defaultConfigurationIsVisible = 0;
			defaultConfigurationName = Release;
		};
		86B323371FB6123E003DF4AA /* Build configuration list for PBXNativeTarget "Test" */ = {
			isa = XCConfigurationList;
			buildConfigurations = (
				86B323381FB6123E003DF4AA /* Debug */,
				86B323391FB6123E003DF4AA /* Release */,
			);
			defaultConfigurationIsVisible = 0;
			defaultConfigurationName = Release;
		};
/* End XCConfigurationList section */
	};
	rootObject = 86B323111FB6123E003DF4AA /* Project object */;
}
