// !$*UTF8*$!
{
	archiveVersion = 1;
	classes = {
	};
	objectVersion = 48;
	objects = {

/* Begin PBXBuildFile section */
		165185511FF8430C00477518 /* SCHOOL_MAP.JPEG in Resources */ = {isa = PBXBuildFile; fileRef = 165185501FF8430C00477518 /* SCHOOL_MAP.JPEG */; };
		86393FB31FE342630059507F /* AppDelegate.swift in Sources */ = {isa = PBXBuildFile; fileRef = 86393FB21FE342630059507F /* AppDelegate.swift */; };
		86393FB51FE342630059507F /* FirstViewController.swift in Sources */ = {isa = PBXBuildFile; fileRef = 86393FB41FE342630059507F /* FirstViewController.swift */; };
		86393FB71FE342630059507F /* SecondViewController.swift in Sources */ = {isa = PBXBuildFile; fileRef = 86393FB61FE342630059507F /* SecondViewController.swift */; };
		86393FBA1FE342630059507F /* Main.storyboard in Resources */ = {isa = PBXBuildFile; fileRef = 86393FB81FE342630059507F /* Main.storyboard */; };
		86393FBC1FE342630059507F /* Assets.xcassets in Resources */ = {isa = PBXBuildFile; fileRef = 86393FBB1FE342630059507F /* Assets.xcassets */; };
		86393FBF1FE342630059507F /* LaunchScreen.storyboard in Resources */ = {isa = PBXBuildFile; fileRef = 86393FBD1FE342630059507F /* LaunchScreen.storyboard */; };
		86393FCA1FE342630059507F /* LibraryAppTests.swift in Sources */ = {isa = PBXBuildFile; fileRef = 86393FC91FE342630059507F /* LibraryAppTests.swift */; };
		86393FD51FE342630059507F /* LibraryAppUITests.swift in Sources */ = {isa = PBXBuildFile; fileRef = 86393FD41FE342630059507F /* LibraryAppUITests.swift */; };
		86AC46641FE9FB9A003FEB11 /* CameraViewController.swift in Sources */ = {isa = PBXBuildFile; fileRef = 86AC46631FE9FB9A003FEB11 /* CameraViewController.swift */; };
		86AC46681FEA068A003FEB11 /* Search.swift in Sources */ = {isa = PBXBuildFile; fileRef = 86AC46671FEA068A003FEB11 /* Search.swift */; };
		86AC466A1FEA069B003FEB11 /* Account.swift in Sources */ = {isa = PBXBuildFile; fileRef = 86AC46691FEA069B003FEB11 /* Account.swift */; };
		86AC46701FF41840003FEB11 /* LoginVC.swift in Sources */ = {isa = PBXBuildFile; fileRef = 86AC466F1FF41840003FEB11 /* LoginVC.swift */; };
		86AC467C1FFAEA52003FEB11 /* Facebook.png in Resources */ = {isa = PBXBuildFile; fileRef = 86AC467B1FFAEA52003FEB11 /* Facebook.png */; };
/* End PBXBuildFile section */

/* Begin PBXContainerItemProxy section */
		86393FC61FE342630059507F /* PBXContainerItemProxy */ = {
			isa = PBXContainerItemProxy;
			containerPortal = 86393FA71FE342630059507F /* Project object */;
			proxyType = 1;
			remoteGlobalIDString = 86393FAE1FE342630059507F;
			remoteInfo = LibraryApp;
		};
		86393FD11FE342630059507F /* PBXContainerItemProxy */ = {
			isa = PBXContainerItemProxy;
			containerPortal = 86393FA71FE342630059507F /* Project object */;
			proxyType = 1;
			remoteGlobalIDString = 86393FAE1FE342630059507F;
			remoteInfo = LibraryApp;
		};
/* End PBXContainerItemProxy section */

/* Begin PBXFileReference section */
		165185501FF8430C00477518 /* SCHOOL_MAP.JPEG */ = {isa = PBXFileReference; lastKnownFileType = image.jpeg; path = SCHOOL_MAP.JPEG; sourceTree = "<group>"; };
		165185521FF9769F00477518 /* Check Me Out.entitlements */ = {isa = PBXFileReference; lastKnownFileType = text.plist.entitlements; path = "Check Me Out.entitlements"; sourceTree = "<group>"; };
		86393FAF1FE342630059507F /* Check Me Out.app */ = {isa = PBXFileReference; explicitFileType = wrapper.application; includeInIndex = 0; path = "Check Me Out.app"; sourceTree = BUILT_PRODUCTS_DIR; };
		86393FB21FE342630059507F /* AppDelegate.swift */ = {isa = PBXFileReference; lastKnownFileType = sourcecode.swift; path = AppDelegate.swift; sourceTree = "<group>"; };
		86393FB41FE342630059507F /* FirstViewController.swift */ = {isa = PBXFileReference; lastKnownFileType = sourcecode.swift; path = FirstViewController.swift; sourceTree = "<group>"; };
		86393FB61FE342630059507F /* SecondViewController.swift */ = {isa = PBXFileReference; lastKnownFileType = sourcecode.swift; path = SecondViewController.swift; sourceTree = "<group>"; };
		86393FB91FE342630059507F /* Base */ = {isa = PBXFileReference; lastKnownFileType = file.storyboard; name = Base; path = Base.lproj/Main.storyboard; sourceTree = "<group>"; };
		86393FBB1FE342630059507F /* Assets.xcassets */ = {isa = PBXFileReference; lastKnownFileType = folder.assetcatalog; path = Assets.xcassets; sourceTree = "<group>"; };
		86393FBE1FE342630059507F /* Base */ = {isa = PBXFileReference; lastKnownFileType = file.storyboard; name = Base; path = Base.lproj/LaunchScreen.storyboard; sourceTree = "<group>"; };
		86393FC01FE342630059507F /* Info.plist */ = {isa = PBXFileReference; lastKnownFileType = text.plist.xml; path = Info.plist; sourceTree = "<group>"; };
		86393FC51FE342630059507F /* Check Me OutTests.xctest */ = {isa = PBXFileReference; explicitFileType = wrapper.cfbundle; includeInIndex = 0; path = "Check Me OutTests.xctest"; sourceTree = BUILT_PRODUCTS_DIR; };
		86393FC91FE342630059507F /* LibraryAppTests.swift */ = {isa = PBXFileReference; lastKnownFileType = sourcecode.swift; path = LibraryAppTests.swift; sourceTree = "<group>"; };
		86393FCB1FE342630059507F /* Info.plist */ = {isa = PBXFileReference; lastKnownFileType = text.plist.xml; path = Info.plist; sourceTree = "<group>"; };
		86393FD01FE342630059507F /* Check Me OutUITests.xctest */ = {isa = PBXFileReference; explicitFileType = wrapper.cfbundle; includeInIndex = 0; path = "Check Me OutUITests.xctest"; sourceTree = BUILT_PRODUCTS_DIR; };
		86393FD41FE342630059507F /* LibraryAppUITests.swift */ = {isa = PBXFileReference; lastKnownFileType = sourcecode.swift; path = LibraryAppUITests.swift; sourceTree = "<group>"; };
		86393FD61FE342630059507F /* Info.plist */ = {isa = PBXFileReference; lastKnownFileType = text.plist.xml; path = Info.plist; sourceTree = "<group>"; };
		86AC46631FE9FB9A003FEB11 /* CameraViewController.swift */ = {isa = PBXFileReference; lastKnownFileType = sourcecode.swift; path = CameraViewController.swift; sourceTree = "<group>"; };
		86AC46671FEA068A003FEB11 /* Search.swift */ = {isa = PBXFileReference; lastKnownFileType = sourcecode.swift; path = Search.swift; sourceTree = "<group>"; };
		86AC46691FEA069B003FEB11 /* Account.swift */ = {isa = PBXFileReference; lastKnownFileType = sourcecode.swift; path = Account.swift; sourceTree = "<group>"; };
		86AC466F1FF41840003FEB11 /* LoginVC.swift */ = {isa = PBXFileReference; lastKnownFileType = sourcecode.swift; name = LoginVC.swift; path = ../LoginVC.swift; sourceTree = "<group>"; };
		86AC467B1FFAEA52003FEB11 /* Facebook.png */ = {isa = PBXFileReference; lastKnownFileType = image.png; path = Facebook.png; sourceTree = "<group>"; };
/* End PBXFileReference section */

/* Begin PBXFrameworksBuildPhase section */
		86393FAC1FE342630059507F /* Frameworks */ = {
			isa = PBXFrameworksBuildPhase;
			buildActionMask = 2147483647;
			files = (
			);
			runOnlyForDeploymentPostprocessing = 0;
		};
		86393FC21FE342630059507F /* Frameworks */ = {
			isa = PBXFrameworksBuildPhase;
			buildActionMask = 2147483647;
			files = (
			);
			runOnlyForDeploymentPostprocessing = 0;
		};
		86393FCD1FE342630059507F /* Frameworks */ = {
			isa = PBXFrameworksBuildPhase;
			buildActionMask = 2147483647;
			files = (
			);
			runOnlyForDeploymentPostprocessing = 0;
		};
/* End PBXFrameworksBuildPhase section */

/* Begin PBXGroup section */
		86393FA61FE342630059507F = {
			isa = PBXGroup;
			children = (
				86393FB11FE342630059507F /* Check Me Out */,
				86393FC81FE342630059507F /* LibraryAppTests */,
				86393FD31FE342630059507F /* LibraryAppUITests */,
				86393FB01FE342630059507F /* Products */,
			);
			sourceTree = "<group>";
		};
		86393FB01FE342630059507F /* Products */ = {
			isa = PBXGroup;
			children = (
				86393FAF1FE342630059507F /* Check Me Out.app */,
				86393FC51FE342630059507F /* Check Me OutTests.xctest */,
				86393FD01FE342630059507F /* Check Me OutUITests.xctest */,
			);
			name = Products;
			sourceTree = "<group>";
		};
		86393FB11FE342630059507F /* Check Me Out */ = {
			isa = PBXGroup;
			children = (
				165185521FF9769F00477518 /* Check Me Out.entitlements */,
				86393FB21FE342630059507F /* AppDelegate.swift */,
				86393FB41FE342630059507F /* FirstViewController.swift */,
				86393FB61FE342630059507F /* SecondViewController.swift */,
				86AC46631FE9FB9A003FEB11 /* CameraViewController.swift */,
				86AC46671FEA068A003FEB11 /* Search.swift */,
				86AC46691FEA069B003FEB11 /* Account.swift */,
				86AC466F1FF41840003FEB11 /* LoginVC.swift */,
				165185501FF8430C00477518 /* SCHOOL_MAP.JPEG */,
				86AC467B1FFAEA52003FEB11 /* Facebook.png */,
				86393FB81FE342630059507F /* Main.storyboard */,
				86393FBB1FE342630059507F /* Assets.xcassets */,
				86393FBD1FE342630059507F /* LaunchScreen.storyboard */,
				86393FC01FE342630059507F /* Info.plist */,
			);
			path = "Check Me Out";
			sourceTree = "<group>";
		};
		86393FC81FE342630059507F /* LibraryAppTests */ = {
			isa = PBXGroup;
			children = (
				86393FC91FE342630059507F /* LibraryAppTests.swift */,
				86393FCB1FE342630059507F /* Info.plist */,
			);
			path = LibraryAppTests;
			sourceTree = "<group>";
		};
		86393FD31FE342630059507F /* LibraryAppUITests */ = {
			isa = PBXGroup;
			children = (
				86393FD41FE342630059507F /* LibraryAppUITests.swift */,
				86393FD61FE342630059507F /* Info.plist */,
			);
			path = LibraryAppUITests;
			sourceTree = "<group>";
		};
/* End PBXGroup section */

/* Begin PBXNativeTarget section */
		86393FAE1FE342630059507F /* Check Me Out */ = {
			isa = PBXNativeTarget;
			buildConfigurationList = 86393FD91FE342630059507F /* Build configuration list for PBXNativeTarget "Check Me Out" */;
			buildPhases = (
				86393FAB1FE342630059507F /* Sources */,
				86393FAC1FE342630059507F /* Frameworks */,
				86393FAD1FE342630059507F /* Resources */,
			);
			buildRules = (
			);
			dependencies = (
			);
			name = "Check Me Out";
			productName = LibraryApp;
			productReference = 86393FAF1FE342630059507F /* Check Me Out.app */;
			productType = "com.apple.product-type.application";
		};
		86393FC41FE342630059507F /* Check Me OutTests */ = {
			isa = PBXNativeTarget;
			buildConfigurationList = 86393FDC1FE342630059507F /* Build configuration list for PBXNativeTarget "Check Me OutTests" */;
			buildPhases = (
				86393FC11FE342630059507F /* Sources */,
				86393FC21FE342630059507F /* Frameworks */,
				86393FC31FE342630059507F /* Resources */,
			);
			buildRules = (
			);
			dependencies = (
				86393FC71FE342630059507F /* PBXTargetDependency */,
			);
			name = "Check Me OutTests";
			productName = LibraryAppTests;
			productReference = 86393FC51FE342630059507F /* Check Me OutTests.xctest */;
			productType = "com.apple.product-type.bundle.unit-test";
		};
		86393FCF1FE342630059507F /* Check Me OutUITests */ = {
			isa = PBXNativeTarget;
			buildConfigurationList = 86393FDF1FE342630059507F /* Build configuration list for PBXNativeTarget "Check Me OutUITests" */;
			buildPhases = (
				86393FCC1FE342630059507F /* Sources */,
				86393FCD1FE342630059507F /* Frameworks */,
				86393FCE1FE342630059507F /* Resources */,
			);
			buildRules = (
			);
			dependencies = (
				86393FD21FE342630059507F /* PBXTargetDependency */,
			);
			name = "Check Me OutUITests";
			productName = LibraryAppUITests;
			productReference = 86393FD01FE342630059507F /* Check Me OutUITests.xctest */;
			productType = "com.apple.product-type.bundle.ui-testing";
		};
/* End PBXNativeTarget section */

/* Begin PBXProject section */
		86393FA71FE342630059507F /* Project object */ = {
			isa = PBXProject;
			attributes = {
				LastSwiftUpdateCheck = 0910;
				LastUpgradeCheck = 0910;
				ORGANIZATIONNAME = "Leo Shao";
				TargetAttributes = {
					86393FAE1FE342630059507F = {
						CreatedOnToolsVersion = 9.1;
						ProvisioningStyle = Automatic;
						SystemCapabilities = {
							com.apple.Push = {
								enabled = 1;
							};
						};
					};
					86393FC41FE342630059507F = {
						CreatedOnToolsVersion = 9.1;
						ProvisioningStyle = Automatic;
						TestTargetID = 86393FAE1FE342630059507F;
					};
					86393FCF1FE342630059507F = {
						CreatedOnToolsVersion = 9.1;
						ProvisioningStyle = Automatic;
						TestTargetID = 86393FAE1FE342630059507F;
					};
				};
			};
			buildConfigurationList = 86393FAA1FE342630059507F /* Build configuration list for PBXProject "Check Me Out" */;
			compatibilityVersion = "Xcode 8.0";
			developmentRegion = en;
			hasScannedForEncodings = 0;
			knownRegions = (
				en,
				Base,
			);
			mainGroup = 86393FA61FE342630059507F;
			productRefGroup = 86393FB01FE342630059507F /* Products */;
			projectDirPath = "";
			projectRoot = "";
			targets = (
				86393FAE1FE342630059507F /* Check Me Out */,
				86393FC41FE342630059507F /* Check Me OutTests */,
				86393FCF1FE342630059507F /* Check Me OutUITests */,
			);
		};
/* End PBXProject section */

/* Begin PBXResourcesBuildPhase section */
		86393FAD1FE342630059507F /* Resources */ = {
			isa = PBXResourcesBuildPhase;
			buildActionMask = 2147483647;
			files = (
				165185511FF8430C00477518 /* SCHOOL_MAP.JPEG in Resources */,
				86AC467C1FFAEA52003FEB11 /* Facebook.png in Resources */,
				86393FBF1FE342630059507F /* LaunchScreen.storyboard in Resources */,
				86393FBC1FE342630059507F /* Assets.xcassets in Resources */,
				86393FBA1FE342630059507F /* Main.storyboard in Resources */,
			);
			runOnlyForDeploymentPostprocessing = 0;
		};
		86393FC31FE342630059507F /* Resources */ = {
			isa = PBXResourcesBuildPhase;
			buildActionMask = 2147483647;
			files = (
			);
			runOnlyForDeploymentPostprocessing = 0;
		};
		86393FCE1FE342630059507F /* Resources */ = {
			isa = PBXResourcesBuildPhase;
			buildActionMask = 2147483647;
			files = (
			);
			runOnlyForDeploymentPostprocessing = 0;
		};
/* End PBXResourcesBuildPhase section */

/* Begin PBXSourcesBuildPhase section */
		86393FAB1FE342630059507F /* Sources */ = {
			isa = PBXSourcesBuildPhase;
			buildActionMask = 2147483647;
			files = (
				86AC46641FE9FB9A003FEB11 /* CameraViewController.swift in Sources */,
				86393FB71FE342630059507F /* SecondViewController.swift in Sources */,
				86AC46701FF41840003FEB11 /* LoginVC.swift in Sources */,
				86AC46681FEA068A003FEB11 /* Search.swift in Sources */,
				86393FB31FE342630059507F /* AppDelegate.swift in Sources */,
				86393FB51FE342630059507F /* FirstViewController.swift in Sources */,
				86AC466A1FEA069B003FEB11 /* Account.swift in Sources */,
			);
			runOnlyForDeploymentPostprocessing = 0;
		};
		86393FC11FE342630059507F /* Sources */ = {
			isa = PBXSourcesBuildPhase;
			buildActionMask = 2147483647;
			files = (
				86393FCA1FE342630059507F /* LibraryAppTests.swift in Sources */,
			);
			runOnlyForDeploymentPostprocessing = 0;
		};
		86393FCC1FE342630059507F /* Sources */ = {
			isa = PBXSourcesBuildPhase;
			buildActionMask = 2147483647;
			files = (
				86393FD51FE342630059507F /* LibraryAppUITests.swift in Sources */,
			);
			runOnlyForDeploymentPostprocessing = 0;
		};
/* End PBXSourcesBuildPhase section */

/* Begin PBXTargetDependency section */
		86393FC71FE342630059507F /* PBXTargetDependency */ = {
			isa = PBXTargetDependency;
			target = 86393FAE1FE342630059507F /* Check Me Out */;
			targetProxy = 86393FC61FE342630059507F /* PBXContainerItemProxy */;
		};
		86393FD21FE342630059507F /* PBXTargetDependency */ = {
			isa = PBXTargetDependency;
			target = 86393FAE1FE342630059507F /* Check Me Out */;
			targetProxy = 86393FD11FE342630059507F /* PBXContainerItemProxy */;
		};
/* End PBXTargetDependency section */

/* Begin PBXVariantGroup section */
		86393FB81FE342630059507F /* Main.storyboard */ = {
			isa = PBXVariantGroup;
			children = (
				86393FB91FE342630059507F /* Base */,
			);
			name = Main.storyboard;
			sourceTree = "<group>";
		};
		86393FBD1FE342630059507F /* LaunchScreen.storyboard */ = {
			isa = PBXVariantGroup;
			children = (
				86393FBE1FE342630059507F /* Base */,
			);
			name = LaunchScreen.storyboard;
			sourceTree = "<group>";
		};
/* End PBXVariantGroup section */

/* Begin XCBuildConfiguration section */
		86393FD71FE342630059507F /* Debug */ = {
			isa = XCBuildConfiguration;
			buildSettings = {
				ALWAYS_SEARCH_USER_PATHS = NO;
				CLANG_ANALYZER_NONNULL = YES;
				CLANG_ANALYZER_NUMBER_OBJECT_CONVERSION = YES_AGGRESSIVE;
				CLANG_CXX_LANGUAGE_STANDARD = "gnu++14";
				CLANG_CXX_LIBRARY = "libc++";
				CLANG_ENABLE_MODULES = YES;
				CLANG_ENABLE_OBJC_ARC = YES;
				CLANG_WARN_BLOCK_CAPTURE_AUTORELEASING = YES;
				CLANG_WARN_BOOL_CONVERSION = YES;
				CLANG_WARN_COMMA = YES;
				CLANG_WARN_CONSTANT_CONVERSION = YES;
				CLANG_WARN_DIRECT_OBJC_ISA_USAGE = YES_ERROR;
				CLANG_WARN_DOCUMENTATION_COMMENTS = YES;
				CLANG_WARN_EMPTY_BODY = YES;
				CLANG_WARN_ENUM_CONVERSION = YES;
				CLANG_WARN_INFINITE_RECURSION = YES;
				CLANG_WARN_INT_CONVERSION = YES;
				CLANG_WARN_NON_LITERAL_NULL_CONVERSION = YES;
				CLANG_WARN_OBJC_LITERAL_CONVERSION = YES;
				CLANG_WARN_OBJC_ROOT_CLASS = YES_ERROR;
				CLANG_WARN_RANGE_LOOP_ANALYSIS = YES;
				CLANG_WARN_STRICT_PROTOTYPES = YES;
				CLANG_WARN_SUSPICIOUS_MOVE = YES;
				CLANG_WARN_UNGUARDED_AVAILABILITY = YES_AGGRESSIVE;
				CLANG_WARN_UNREACHABLE_CODE = YES;
				CLANG_WARN__DUPLICATE_METHOD_MATCH = YES;
				CODE_SIGN_IDENTITY = "iPhone Developer";
				COPY_PHASE_STRIP = NO;
				DEBUG_INFORMATION_FORMAT = dwarf;
				ENABLE_STRICT_OBJC_MSGSEND = YES;
				ENABLE_TESTABILITY = YES;
				GCC_C_LANGUAGE_STANDARD = gnu11;
				GCC_DYNAMIC_NO_PIC = NO;
				GCC_NO_COMMON_BLOCKS = YES;
				GCC_OPTIMIZATION_LEVEL = 0;
				GCC_PREPROCESSOR_DEFINITIONS = (
					"DEBUG=1",
					"$(inherited)",
				);
				GCC_WARN_64_TO_32_BIT_CONVERSION = YES;
				GCC_WARN_ABOUT_RETURN_TYPE = YES_ERROR;
				GCC_WARN_UNDECLARED_SELECTOR = YES;
				GCC_WARN_UNINITIALIZED_AUTOS = YES_AGGRESSIVE;
				GCC_WARN_UNUSED_FUNCTION = YES;
				GCC_WARN_UNUSED_VARIABLE = YES;
				IPHONEOS_DEPLOYMENT_TARGET = 10.0;
				MTL_ENABLE_DEBUG_INFO = YES;
				ONLY_ACTIVE_ARCH = YES;
				SDKROOT = iphoneos;
				SWIFT_ACTIVE_COMPILATION_CONDITIONS = DEBUG;
				SWIFT_OPTIMIZATION_LEVEL = "-Onone";
			};
			name = Debug;
		};
		86393FD81FE342630059507F /* Release */ = {
			isa = XCBuildConfiguration;
			buildSettings = {
				ALWAYS_SEARCH_USER_PATHS = NO;
				CLANG_ANALYZER_NONNULL = YES;
				CLANG_ANALYZER_NUMBER_OBJECT_CONVERSION = YES_AGGRESSIVE;
				CLANG_CXX_LANGUAGE_STANDARD = "gnu++14";
				CLANG_CXX_LIBRARY = "libc++";
				CLANG_ENABLE_MODULES = YES;
				CLANG_ENABLE_OBJC_ARC = YES;
				CLANG_WARN_BLOCK_CAPTURE_AUTORELEASING = YES;
				CLANG_WARN_BOOL_CONVERSION = YES;
				CLANG_WARN_COMMA = YES;
				CLANG_WARN_CONSTANT_CONVERSION = YES;
				CLANG_WARN_DIRECT_OBJC_ISA_USAGE = YES_ERROR;
				CLANG_WARN_DOCUMENTATION_COMMENTS = YES;
				CLANG_WARN_EMPTY_BODY = YES;
				CLANG_WARN_ENUM_CONVERSION = YES;
				CLANG_WARN_INFINITE_RECURSION = YES;
				CLANG_WARN_INT_CONVERSION = YES;
				CLANG_WARN_NON_LITERAL_NULL_CONVERSION = YES;
				CLANG_WARN_OBJC_LITERAL_CONVERSION = YES;
				CLANG_WARN_OBJC_ROOT_CLASS = YES_ERROR;
				CLANG_WARN_RANGE_LOOP_ANALYSIS = YES;
				CLANG_WARN_STRICT_PROTOTYPES = YES;
				CLANG_WARN_SUSPICIOUS_MOVE = YES;
				CLANG_WARN_UNGUARDED_AVAILABILITY = YES_AGGRESSIVE;
				CLANG_WARN_UNREACHABLE_CODE = YES;
				CLANG_WARN__DUPLICATE_METHOD_MATCH = YES;
				CODE_SIGN_IDENTITY = "iPhone Developer";
				COPY_PHASE_STRIP = NO;
				DEBUG_INFORMATION_FORMAT = "dwarf-with-dsym";
				ENABLE_NS_ASSERTIONS = NO;
				ENABLE_STRICT_OBJC_MSGSEND = YES;
				GCC_C_LANGUAGE_STANDARD = gnu11;
				GCC_NO_COMMON_BLOCKS = YES;
				GCC_WARN_64_TO_32_BIT_CONVERSION = YES;
				GCC_WARN_ABOUT_RETURN_TYPE = YES_ERROR;
				GCC_WARN_UNDECLARED_SELECTOR = YES;
				GCC_WARN_UNINITIALIZED_AUTOS = YES_AGGRESSIVE;
				GCC_WARN_UNUSED_FUNCTION = YES;
				GCC_WARN_UNUSED_VARIABLE = YES;
				IPHONEOS_DEPLOYMENT_TARGET = 10.0;
				MTL_ENABLE_DEBUG_INFO = NO;
				SDKROOT = iphoneos;
				SWIFT_OPTIMIZATION_LEVEL = "-Owholemodule";
				VALIDATE_PRODUCT = YES;
			};
			name = Release;
		};
		86393FDA1FE342630059507F /* Debug */ = {
			isa = XCBuildConfiguration;
			buildSettings = {
				ASSETCATALOG_COMPILER_APPICON_NAME = AppIcon;
				CODE_SIGN_ENTITLEMENTS = "Check Me Out/Check Me Out.entitlements";
				CODE_SIGN_STYLE = Automatic;
				DEVELOPMENT_TEAM = GMP5EEF274;
				INFOPLIST_FILE = "Check Me Out/Info.plist";
				IPHONEOS_DEPLOYMENT_TARGET = 10.0;
				LD_RUNPATH_SEARCH_PATHS = "$(inherited) @executable_path/Frameworks";
				PRODUCT_BUNDLE_IDENTIFIER = com.leoshao.checkmeout;
				PRODUCT_NAME = "$(TARGET_NAME)";
				SWIFT_VERSION = 4.0;
				TARGETED_DEVICE_FAMILY = 1;
			};
			name = Debug;
		};
		86393FDB1FE342630059507F /* Release */ = {
			isa = XCBuildConfiguration;
			buildSettings = {
				ASSETCATALOG_COMPILER_APPICON_NAME = AppIcon;
				CODE_SIGN_ENTITLEMENTS = "Check Me Out/Check Me Out.entitlements";
				CODE_SIGN_STYLE = Automatic;
				DEVELOPMENT_TEAM = GMP5EEF274;
				INFOPLIST_FILE = "Check Me Out/Info.plist";
				IPHONEOS_DEPLOYMENT_TARGET = 10.0;
				LD_RUNPATH_SEARCH_PATHS = "$(inherited) @executable_path/Frameworks";
				PRODUCT_BUNDLE_IDENTIFIER = com.leoshao.checkmeout;
				PRODUCT_NAME = "$(TARGET_NAME)";
				SWIFT_VERSION = 4.0;
				TARGETED_DEVICE_FAMILY = 1;
			};
			name = Release;
		};
		86393FDD1FE342630059507F /* Debug */ = {
			isa = XCBuildConfiguration;
			buildSettings = {
				ALWAYS_EMBED_SWIFT_STANDARD_LIBRARIES = YES;
				BUNDLE_LOADER = "$(TEST_HOST)";
				CODE_SIGN_STYLE = Automatic;
				INFOPLIST_FILE = LibraryAppTests/Info.plist;
				LD_RUNPATH_SEARCH_PATHS = "$(inherited) @executable_path/Frameworks @loader_path/Frameworks";
				PRODUCT_BUNDLE_IDENTIFIER = Vicky.LibraryAppTests;
				PRODUCT_NAME = "$(TARGET_NAME)";
				SWIFT_VERSION = 4.0;
				TARGETED_DEVICE_FAMILY = "1,2";
				TEST_HOST = "$(BUILT_PRODUCTS_DIR)/Check Me Out.app/Check Me Out";
			};
			name = Debug;
		};
		86393FDE1FE342630059507F /* Release */ = {
			isa = XCBuildConfiguration;
			buildSettings = {
				ALWAYS_EMBED_SWIFT_STANDARD_LIBRARIES = YES;
				BUNDLE_LOADER = "$(TEST_HOST)";
				CODE_SIGN_STYLE = Automatic;
				INFOPLIST_FILE = LibraryAppTests/Info.plist;
				LD_RUNPATH_SEARCH_PATHS = "$(inherited) @executable_path/Frameworks @loader_path/Frameworks";
				PRODUCT_BUNDLE_IDENTIFIER = Vicky.LibraryAppTests;
				PRODUCT_NAME = "$(TARGET_NAME)";
				SWIFT_VERSION = 4.0;
				TARGETED_DEVICE_FAMILY = "1,2";
				TEST_HOST = "$(BUILT_PRODUCTS_DIR)/Check Me Out.app/Check Me Out";
			};
			name = Release;
		};
		86393FE01FE342630059507F /* Debug */ = {
			isa = XCBuildConfiguration;
			buildSettings = {
				ALWAYS_EMBED_SWIFT_STANDARD_LIBRARIES = YES;
				CODE_SIGN_STYLE = Automatic;
				INFOPLIST_FILE = LibraryAppUITests/Info.plist;
				LD_RUNPATH_SEARCH_PATHS = "$(inherited) @executable_path/Frameworks @loader_path/Frameworks";
				PRODUCT_BUNDLE_IDENTIFIER = Vicky.LibraryAppUITests;
				PRODUCT_NAME = "$(TARGET_NAME)";
				SWIFT_VERSION = 4.0;
				TARGETED_DEVICE_FAMILY = "1,2";
				TEST_TARGET_NAME = LibraryApp;
			};
			name = Debug;
		};
		86393FE11FE342630059507F /* Release */ = {
			isa = XCBuildConfiguration;
			buildSettings = {
				ALWAYS_EMBED_SWIFT_STANDARD_LIBRARIES = YES;
				CODE_SIGN_STYLE = Automatic;
				INFOPLIST_FILE = LibraryAppUITests/Info.plist;
				LD_RUNPATH_SEARCH_PATHS = "$(inherited) @executable_path/Frameworks @loader_path/Frameworks";
				PRODUCT_BUNDLE_IDENTIFIER = Vicky.LibraryAppUITests;
				PRODUCT_NAME = "$(TARGET_NAME)";
				SWIFT_VERSION = 4.0;
				TARGETED_DEVICE_FAMILY = "1,2";
				TEST_TARGET_NAME = LibraryApp;
			};
			name = Release;
		};
/* End XCBuildConfiguration section */

/* Begin XCConfigurationList section */
		86393FAA1FE342630059507F /* Build configuration list for PBXProject "Check Me Out" */ = {
			isa = XCConfigurationList;
			buildConfigurations = (
				86393FD71FE342630059507F /* Debug */,
				86393FD81FE342630059507F /* Release */,
			);
			defaultConfigurationIsVisible = 0;
			defaultConfigurationName = Release;
		};
		86393FD91FE342630059507F /* Build configuration list for PBXNativeTarget "Check Me Out" */ = {
			isa = XCConfigurationList;
			buildConfigurations = (
				86393FDA1FE342630059507F /* Debug */,
				86393FDB1FE342630059507F /* Release */,
			);
			defaultConfigurationIsVisible = 0;
			defaultConfigurationName = Release;
		};
		86393FDC1FE342630059507F /* Build configuration list for PBXNativeTarget "Check Me OutTests" */ = {
			isa = XCConfigurationList;
			buildConfigurations = (
				86393FDD1FE342630059507F /* Debug */,
				86393FDE1FE342630059507F /* Release */,
			);
			defaultConfigurationIsVisible = 0;
			defaultConfigurationName = Release;
		};
		86393FDF1FE342630059507F /* Build configuration list for PBXNativeTarget "Check Me OutUITests" */ = {
			isa = XCConfigurationList;
			buildConfigurations = (
				86393FE01FE342630059507F /* Debug */,
				86393FE11FE342630059507F /* Release */,
			);
			defaultConfigurationIsVisible = 0;
			defaultConfigurationName = Release;
		};
/* End XCConfigurationList section */
	};
	rootObject = 86393FA71FE342630059507F /* Project object */;
}
